
Microsoft Visual Studio Solution File, Format Version 12.00
# Visual Studio Version 17
VisualStudioVersion = 17.4.33205.214
MinimumVisualStudioVersion = 10.0.40219.1
Project("{9A19103F-16F7-4668-BE54-9A1E7A4F7556}") = "LaravelLangConvertor", "LaravelLangConvertor\LaravelLangConvertor.csproj", "{35E8BF50-FCC9-4C26-8A97-3876DB630167}"
	ProjectSection(ProjectDependencies) = postProject
		{2F78AB9D-2C6C-4475-8686-626C293029B9} = {2F78AB9D-2C6C-4475-8686-626C293029B9}
	EndProjectSection
EndProject
Project("{9A19103F-16F7-4668-BE54-9A1E7A4F7556}") = "LaravelLangConvertor.Parser", "LaravelLangConvertor.Parser\LaravelLangConvertor.Parser.csproj", "{B776B107-F6B9-4AE5-A98A-F7EDA0B5A5FF}"
EndProject
Project("{9A19103F-16F7-4668-BE54-9A1E7A4F7556}") = "LaravelLangConvertor.Translator", "LaravelLangConvertor.Translator\LaravelLangConvertor.Translator.csproj", "{2F78AB9D-2C6C-4475-8686-626C293029B9}"
EndProject
Global
	GlobalSection(SolutionConfigurationPlatforms) = preSolution
		Debug|Any CPU = Debug|Any CPU
		Release|Any CPU = Release|Any CPU
	EndGlobalSection
	GlobalSection(ProjectConfigurationPlatforms) = postSolution
		{35E8BF50-FCC9-4C26-8A97-3876DB630167}.Debug|Any CPU.ActiveCfg = Debug|Any CPU
		{35E8BF50-FCC9-4C26-8A97-3876DB630167}.Debug|Any CPU.Build.0 = Debug|Any CPU
		{35E8BF50-FCC9-4C26-8A97-3876DB630167}.Release|Any CPU.ActiveCfg = Release|Any CPU
		{35E8BF50-FCC9-4C26-8A97-3876DB630167}.Release|Any CPU.Build.0 = Release|Any CPU
		{B776B107-F6B9-4AE5-A98A-F7EDA0B5A5FF}.Debug|Any CPU.ActiveCfg = Debug|Any CPU
		{B776B107-F6B9-4AE5-A98A-F7EDA0B5A5FF}.Debug|Any CPU.Build.0 = Debug|Any CPU
		{B776B107-F6B9-4AE5-A98A-F7EDA0B5A5FF}.Release|Any CPU.ActiveCfg = Release|Any CPU
		{B776B107-F6B9-4AE5-A98A-F7EDA0B5A5FF}.Release|Any CPU.Build.0 = Release|Any CPU
		{2F78AB9D-2C6C-4475-8686-626C293029B9}.Debug|Any CPU.ActiveCfg = Debug|Any CPU
		{2F78AB9D-2C6C-4475-8686-626C293029B9}.Debug|Any CPU.Build.0 = Debug|Any CPU
		{2F78AB9D-2C6C-4475-8686-626C293029B9}.Release|Any CPU.ActiveCfg = Release|Any CPU
		{2F78AB9D-2C6C-4475-8686-626C293029B9}.Release|Any CPU.Build.0 = Release|Any CPU
	EndGlobalSection
	GlobalSection(SolutionProperties) = preSolution
		HideSolutionNode = FALSE
	EndGlobalSection
	GlobalSection(ExtensibilityGlobals) = postSolution
		SolutionGuid = {20AF4978-714A-4E9F-BEAB-F4FEEFFBEC27}
	EndGlobalSection
EndGlobal
